
Microsoft Visual Studio Solution File, Format Version 12.00
# Visual Studio Version 17
VisualStudioVersion = 17.4.33110.190
MinimumVisualStudioVersion = 10.0.40219.1
Project("{FAE04EC0-301F-11D3-BF4B-00C04F79EFBC}") = "PartialViewDemo", "PartialViewDemo\PartialViewDemo.csproj", "{42ADA6D3-4718-440E-9A6C-706B65461A0D}"
EndProject
Global
	GlobalSection(SolutionConfigurationPlatforms) = preSolution
		Debug|Any CPU = Debug|Any CPU
		Release|Any CPU = Release|Any CPU
	EndGlobalSection
	GlobalSection(ProjectConfigurationPlatforms) = postSolution
		{42ADA6D3-4718-440E-9A6C-706B65461A0D}.Debug|Any CPU.ActiveCfg = Debug|Any CPU
		{42ADA6D3-4718-440E-9A6C-706B65461A0D}.Debug|Any CPU.Build.0 = Debug|Any CPU
		{42ADA6D3-4718-440E-9A6C-706B65461A0D}.Release|Any CPU.ActiveCfg = Release|Any CPU
		{42ADA6D3-4718-440E-9A6C-706B65461A0D}.Release|Any CPU.Build.0 = Release|Any CPU
	EndGlobalSection
	GlobalSection(SolutionProperties) = preSolution
		HideSolutionNode = FALSE
	EndGlobalSection
	GlobalSection(ExtensibilityGlobals) = postSolution
		SolutionGuid = {26A6E420-0AAC-4661-9230-43A3ED910A82}
	EndGlobalSection
EndGlobal
